
Microsoft Visual Studio Solution File, Format Version 12.00
# Visual Studio Version 16
VisualStudioVersion = 16.0.31729.503
MinimumVisualStudioVersion = 10.0.40219.1
Project("{FAE04EC0-301F-11D3-BF4B-00C04F79EFBC}") = "PDMCProject", "PDMCProject\PDMCProject.csproj", "{9666CB21-9F7E-4554-8E7F-A037CF51AB3A}"
EndProject
Global
	GlobalSection(SolutionConfigurationPlatforms) = preSolution
		Debug|Any CPU = Debug|Any CPU
		Release|Any CPU = Release|Any CPU
	EndGlobalSection
	GlobalSection(ProjectConfigurationPlatforms) = postSolution
		{9666CB21-9F7E-4554-8E7F-A037CF51AB3A}.Debug|Any CPU.ActiveCfg = Debug|Any CPU
		{9666CB21-9F7E-4554-8E7F-A037CF51AB3A}.Debug|Any CPU.Build.0 = Debug|Any CPU
		{9666CB21-9F7E-4554-8E7F-A037CF51AB3A}.Release|Any CPU.ActiveCfg = Release|Any CPU
		{9666CB21-9F7E-4554-8E7F-A037CF51AB3A}.Release|Any CPU.Build.0 = Release|Any CPU
	EndGlobalSection
	GlobalSection(SolutionProperties) = preSolution
		HideSolutionNode = FALSE
	EndGlobalSection
	GlobalSection(ExtensibilityGlobals) = postSolution
		SolutionGuid = {EA5C072B-50D6-46AA-B3D5-C2A3DF8D15FD}
	EndGlobalSection
EndGlobal
